
Microsoft Visual Studio Solution File, Format Version 12.00
# Visual Studio Version 16
VisualStudioVersion = 16.0.30517.126
MinimumVisualStudioVersion = 10.0.40219.1
Project("{FAE04EC0-301F-11D3-BF4B-00C04F79EFBC}") = "OzonTask", "OzonTask\OzonTask.csproj", "{9FCA280D-C897-4E29-AE9B-109CB79BCB6A}"
EndProject
Project("{FAE04EC0-301F-11D3-BF4B-00C04F79EFBC}") = "Tests", "Tests\Tests.csproj", "{096F3A8C-E5E2-4CF2-86EF-3543B779C9B1}"
EndProject
Global
	GlobalSection(SolutionConfigurationPlatforms) = preSolution
		Debug|Any CPU = Debug|Any CPU
		Release|Any CPU = Release|Any CPU
	EndGlobalSection
	GlobalSection(ProjectConfigurationPlatforms) = postSolution
		{9FCA280D-C897-4E29-AE9B-109CB79BCB6A}.Debug|Any CPU.ActiveCfg = Debug|Any CPU
		{9FCA280D-C897-4E29-AE9B-109CB79BCB6A}.Debug|Any CPU.Build.0 = Debug|Any CPU
		{9FCA280D-C897-4E29-AE9B-109CB79BCB6A}.Release|Any CPU.ActiveCfg = Release|Any CPU
		{9FCA280D-C897-4E29-AE9B-109CB79BCB6A}.Release|Any CPU.Build.0 = Release|Any CPU
		{096F3A8C-E5E2-4CF2-86EF-3543B779C9B1}.Debug|Any CPU.ActiveCfg = Debug|Any CPU
		{096F3A8C-E5E2-4CF2-86EF-3543B779C9B1}.Debug|Any CPU.Build.0 = Debug|Any CPU
		{096F3A8C-E5E2-4CF2-86EF-3543B779C9B1}.Release|Any CPU.ActiveCfg = Release|Any CPU
		{096F3A8C-E5E2-4CF2-86EF-3543B779C9B1}.Release|Any CPU.Build.0 = Release|Any CPU
	EndGlobalSection
	GlobalSection(SolutionProperties) = preSolution
		HideSolutionNode = FALSE
	EndGlobalSection
	GlobalSection(ExtensibilityGlobals) = postSolution
		SolutionGuid = {AE4EA2DD-7DEB-457A-B98F-96745DBAE8DB}
	EndGlobalSection
EndGlobal
